
Microsoft Visual Studio Solution File, Format Version 12.00
# Visual Studio Version 17
VisualStudioVersion = 17.5.33530.505
MinimumVisualStudioVersion = 10.0.40219.1
Project("{FAE04EC0-301F-11D3-BF4B-00C04F79EFBC}") = "wsServer", "wsServer\wsServer.csproj", "{0BDAF1E1-A585-47DD-89A4-4FCBE7EE609C}"
EndProject
Global
	GlobalSection(SolutionConfigurationPlatforms) = preSolution
		Debug|Any CPU = Debug|Any CPU
		Release|Any CPU = Release|Any CPU
	EndGlobalSection
	GlobalSection(ProjectConfigurationPlatforms) = postSolution
		{0BDAF1E1-A585-47DD-89A4-4FCBE7EE609C}.Debug|Any CPU.ActiveCfg = Debug|Any CPU
		{0BDAF1E1-A585-47DD-89A4-4FCBE7EE609C}.Debug|Any CPU.Build.0 = Debug|Any CPU
		{0BDAF1E1-A585-47DD-89A4-4FCBE7EE609C}.Release|Any CPU.ActiveCfg = Release|Any CPU
		{0BDAF1E1-A585-47DD-89A4-4FCBE7EE609C}.Release|Any CPU.Build.0 = Release|Any CPU
	EndGlobalSection
	GlobalSection(SolutionProperties) = preSolution
		HideSolutionNode = FALSE
	EndGlobalSection
	GlobalSection(ExtensibilityGlobals) = postSolution
		SolutionGuid = {B745D652-E093-440E-B3EF-E7B051242795}
	EndGlobalSection
EndGlobal
